// !$*UTF8*$!
{
	archiveVersion = 1;
	classes = {
	};
	objectVersion = 46;
	objects = {

/* Begin PBXBuildFile section */
		714CCC881F92FB8E005C90A3 /* ProfileController.swift in Sources */ = {isa = PBXBuildFile; fileRef = 714CCC871F92FB8E005C90A3 /* ProfileController.swift */; };
		714CCC8B1F93105A005C90A3 /* Profile.swift in Sources */ = {isa = PBXBuildFile; fileRef = 714CCC8A1F93105A005C90A3 /* Profile.swift */; };
		71E412411F92D9CF003A2ADE /* AppDelegate.swift in Sources */ = {isa = PBXBuildFile; fileRef = 71E412401F92D9CF003A2ADE /* AppDelegate.swift */; };
		71E412461F92D9CF003A2ADE /* Main.storyboard in Resources */ = {isa = PBXBuildFile; fileRef = 71E412441F92D9CF003A2ADE /* Main.storyboard */; };
		71E412481F92D9CF003A2ADE /* Assets.xcassets in Resources */ = {isa = PBXBuildFile; fileRef = 71E412471F92D9CF003A2ADE /* Assets.xcassets */; };
		71E4124B1F92D9CF003A2ADE /* LaunchScreen.storyboard in Resources */ = {isa = PBXBuildFile; fileRef = 71E412491F92D9CF003A2ADE /* LaunchScreen.storyboard */; };
		71E412561F92D9CF003A2ADE /* t_ravelTests.swift in Sources */ = {isa = PBXBuildFile; fileRef = 71E412551F92D9CF003A2ADE /* t_ravelTests.swift */; };
		71E412611F92D9CF003A2ADE /* t_ravelUITests.swift in Sources */ = {isa = PBXBuildFile; fileRef = 71E412601F92D9CF003A2ADE /* t_ravelUITests.swift */; };
		71E412701F92DBF9003A2ADE /* MapController.swift in Sources */ = {isa = PBXBuildFile; fileRef = 71E4126F1F92DBF9003A2ADE /* MapController.swift */; };
/* End PBXBuildFile section */

/* Begin PBXContainerItemProxy section */
		71E412521F92D9CF003A2ADE /* PBXContainerItemProxy */ = {
			isa = PBXContainerItemProxy;
			containerPortal = 71E412351F92D9CF003A2ADE /* Project object */;
			proxyType = 1;
			remoteGlobalIDString = 71E4123C1F92D9CF003A2ADE;
			remoteInfo = "t-ravel";
		};
		71E4125D1F92D9CF003A2ADE /* PBXContainerItemProxy */ = {
			isa = PBXContainerItemProxy;
			containerPortal = 71E412351F92D9CF003A2ADE /* Project object */;
			proxyType = 1;
			remoteGlobalIDString = 71E4123C1F92D9CF003A2ADE;
			remoteInfo = "t-ravel";
		};
/* End PBXContainerItemProxy section */

/* Begin PBXFileReference section */
		714CCC871F92FB8E005C90A3 /* ProfileController.swift */ = {isa = PBXFileReference; fileEncoding = 4; lastKnownFileType = sourcecode.swift; path = ProfileController.swift; sourceTree = "<group>"; };
		714CCC8A1F93105A005C90A3 /* Profile.swift */ = {isa = PBXFileReference; fileEncoding = 4; lastKnownFileType = sourcecode.swift; path = Profile.swift; sourceTree = "<group>"; };
		71E4123D1F92D9CF003A2ADE /* t-ravel.app */ = {isa = PBXFileReference; explicitFileType = wrapper.application; includeInIndex = 0; path = "t-ravel.app"; sourceTree = BUILT_PRODUCTS_DIR; };
		71E412401F92D9CF003A2ADE /* AppDelegate.swift */ = {isa = PBXFileReference; lastKnownFileType = sourcecode.swift; path = AppDelegate.swift; sourceTree = "<group>"; };
		71E412451F92D9CF003A2ADE /* Base */ = {isa = PBXFileReference; lastKnownFileType = file.storyboard; name = Base; path = Base.lproj/Main.storyboard; sourceTree = "<group>"; };
		71E412471F92D9CF003A2ADE /* Assets.xcassets */ = {isa = PBXFileReference; lastKnownFileType = folder.assetcatalog; path = Assets.xcassets; sourceTree = "<group>"; };
		71E4124A1F92D9CF003A2ADE /* Base */ = {isa = PBXFileReference; lastKnownFileType = file.storyboard; name = Base; path = Base.lproj/LaunchScreen.storyboard; sourceTree = "<group>"; };
		71E4124C1F92D9CF003A2ADE /* Info.plist */ = {isa = PBXFileReference; lastKnownFileType = text.plist.xml; path = Info.plist; sourceTree = "<group>"; };
		71E412511F92D9CF003A2ADE /* t-ravelTests.xctest */ = {isa = PBXFileReference; explicitFileType = wrapper.cfbundle; includeInIndex = 0; path = "t-ravelTests.xctest"; sourceTree = BUILT_PRODUCTS_DIR; };
		71E412551F92D9CF003A2ADE /* t_ravelTests.swift */ = {isa = PBXFileReference; lastKnownFileType = sourcecode.swift; path = t_ravelTests.swift; sourceTree = "<group>"; };
		71E412571F92D9CF003A2ADE /* Info.plist */ = {isa = PBXFileReference; lastKnownFileType = text.plist.xml; path = Info.plist; sourceTree = "<group>"; };
		71E4125C1F92D9CF003A2ADE /* t-ravelUITests.xctest */ = {isa = PBXFileReference; explicitFileType = wrapper.cfbundle; includeInIndex = 0; path = "t-ravelUITests.xctest"; sourceTree = BUILT_PRODUCTS_DIR; };
		71E412601F92D9CF003A2ADE /* t_ravelUITests.swift */ = {isa = PBXFileReference; lastKnownFileType = sourcecode.swift; path = t_ravelUITests.swift; sourceTree = "<group>"; };
		71E412621F92D9CF003A2ADE /* Info.plist */ = {isa = PBXFileReference; lastKnownFileType = text.plist.xml; path = Info.plist; sourceTree = "<group>"; };
		71E4126F1F92DBF9003A2ADE /* MapController.swift */ = {isa = PBXFileReference; fileEncoding = 4; lastKnownFileType = sourcecode.swift; path = MapController.swift; sourceTree = "<group>"; };
/* End PBXFileReference section */

/* Begin PBXFrameworksBuildPhase section */
		71E4123A1F92D9CF003A2ADE /* Frameworks */ = {
			isa = PBXFrameworksBuildPhase;
			buildActionMask = 2147483647;
			files = (
			);
			runOnlyForDeploymentPostprocessing = 0;
		};
		71E4124E1F92D9CF003A2ADE /* Frameworks */ = {
			isa = PBXFrameworksBuildPhase;
			buildActionMask = 2147483647;
			files = (
			);
			runOnlyForDeploymentPostprocessing = 0;
		};
		71E412591F92D9CF003A2ADE /* Frameworks */ = {
			isa = PBXFrameworksBuildPhase;
			buildActionMask = 2147483647;
			files = (
			);
			runOnlyForDeploymentPostprocessing = 0;
		};
/* End PBXFrameworksBuildPhase section */

/* Begin PBXGroup section */
		714CCC891F931001005C90A3 /* Models */ = {
			isa = PBXGroup;
			children = (
				714CCC8A1F93105A005C90A3 /* Profile.swift */,
			);
			name = Models;
			sourceTree = "<group>";
		};
		71E412341F92D9CF003A2ADE = {
			isa = PBXGroup;
			children = (
				71E4123F1F92D9CF003A2ADE /* t-ravel */,
				71E412541F92D9CF003A2ADE /* t-ravelTests */,
				71E4125F1F92D9CF003A2ADE /* t-ravelUITests */,
				71E4123E1F92D9CF003A2ADE /* Products */,
			);
			sourceTree = "<group>";
		};
		71E4123E1F92D9CF003A2ADE /* Products */ = {
			isa = PBXGroup;
			children = (
				71E4123D1F92D9CF003A2ADE /* t-ravel.app */,
				71E412511F92D9CF003A2ADE /* t-ravelTests.xctest */,
				71E4125C1F92D9CF003A2ADE /* t-ravelUITests.xctest */,
			);
			name = Products;
			sourceTree = "<group>";
		};
		71E4123F1F92D9CF003A2ADE /* t-ravel */ = {
			isa = PBXGroup;
			children = (
				71E412401F92D9CF003A2ADE /* AppDelegate.swift */,
				71E412441F92D9CF003A2ADE /* Main.storyboard */,
				71E412491F92D9CF003A2ADE /* LaunchScreen.storyboard */,
				71E412471F92D9CF003A2ADE /* Assets.xcassets */,
				71E4124C1F92D9CF003A2ADE /* Info.plist */,
				714CCC891F931001005C90A3 /* Models */,
				71E4126E1F92DB98003A2ADE /* Controllers */,
			);
			path = "t-ravel";
			sourceTree = "<group>";
		};
		71E412541F92D9CF003A2ADE /* t-ravelTests */ = {
			isa = PBXGroup;
			children = (
				71E412551F92D9CF003A2ADE /* t_ravelTests.swift */,
				71E412571F92D9CF003A2ADE /* Info.plist */,
			);
			path = "t-ravelTests";
			sourceTree = "<group>";
		};
		71E4125F1F92D9CF003A2ADE /* t-ravelUITests */ = {
			isa = PBXGroup;
			children = (
				71E412601F92D9CF003A2ADE /* t_ravelUITests.swift */,
				71E412621F92D9CF003A2ADE /* Info.plist */,
			);
			path = "t-ravelUITests";
			sourceTree = "<group>";
		};
		71E4126E1F92DB98003A2ADE /* Controllers */ = {
			isa = PBXGroup;
			children = (
				71E4126F1F92DBF9003A2ADE /* MapController.swift */,
				714CCC871F92FB8E005C90A3 /* ProfileController.swift */,
			);
			name = Controllers;
			sourceTree = "<group>";
		};
/* End PBXGroup section */

/* Begin PBXNativeTarget section */
		71E4123C1F92D9CF003A2ADE /* t-ravel */ = {
			isa = PBXNativeTarget;
			buildConfigurationList = 71E412651F92D9CF003A2ADE /* Build configuration list for PBXNativeTarget "t-ravel" */;
			buildPhases = (
				71E412391F92D9CF003A2ADE /* Sources */,
				71E4123A1F92D9CF003A2ADE /* Frameworks */,
				71E4123B1F92D9CF003A2ADE /* Resources */,
			);
			buildRules = (
			);
			dependencies = (
			);
			name = "t-ravel";
			productName = "t-ravel";
			productReference = 71E4123D1F92D9CF003A2ADE /* t-ravel.app */;
			productType = "com.apple.product-type.application";
		};
		71E412501F92D9CF003A2ADE /* t-ravelTests */ = {
			isa = PBXNativeTarget;
			buildConfigurationList = 71E412681F92D9CF003A2ADE /* Build configuration list for PBXNativeTarget "t-ravelTests" */;
			buildPhases = (
				71E4124D1F92D9CF003A2ADE /* Sources */,
				71E4124E1F92D9CF003A2ADE /* Frameworks */,
				71E4124F1F92D9CF003A2ADE /* Resources */,
			);
			buildRules = (
			);
			dependencies = (
				71E412531F92D9CF003A2ADE /* PBXTargetDependency */,
			);
			name = "t-ravelTests";
			productName = "t-ravelTests";
			productReference = 71E412511F92D9CF003A2ADE /* t-ravelTests.xctest */;
			productType = "com.apple.product-type.bundle.unit-test";
		};
		71E4125B1F92D9CF003A2ADE /* t-ravelUITests */ = {
			isa = PBXNativeTarget;
			buildConfigurationList = 71E4126B1F92D9CF003A2ADE /* Build configuration list for PBXNativeTarget "t-ravelUITests" */;
			buildPhases = (
				71E412581F92D9CF003A2ADE /* Sources */,
				71E412591F92D9CF003A2ADE /* Frameworks */,
				71E4125A1F92D9CF003A2ADE /* Resources */,
			);
			buildRules = (
			);
			dependencies = (
				71E4125E1F92D9CF003A2ADE /* PBXTargetDependency */,
			);
			name = "t-ravelUITests";
			productName = "t-ravelUITests";
			productReference = 71E4125C1F92D9CF003A2ADE /* t-ravelUITests.xctest */;
			productType = "com.apple.product-type.bundle.ui-testing";
		};
/* End PBXNativeTarget section */

/* Begin PBXProject section */
		71E412351F92D9CF003A2ADE /* Project object */ = {
			isa = PBXProject;
			attributes = {
				LastSwiftUpdateCheck = 0830;
				LastUpgradeCheck = 0830;
				ORGANIZATIONNAME = "Раиса Касымова";
				TargetAttributes = {
					71E4123C1F92D9CF003A2ADE = {
						CreatedOnToolsVersion = 8.3.3;
						ProvisioningStyle = Automatic;
					};
					71E412501F92D9CF003A2ADE = {
						CreatedOnToolsVersion = 8.3.3;
						ProvisioningStyle = Automatic;
						TestTargetID = 71E4123C1F92D9CF003A2ADE;
					};
					71E4125B1F92D9CF003A2ADE = {
						CreatedOnToolsVersion = 8.3.3;
						ProvisioningStyle = Automatic;
						TestTargetID = 71E4123C1F92D9CF003A2ADE;
					};
				};
			};
			buildConfigurationList = 71E412381F92D9CF003A2ADE /* Build configuration list for PBXProject "t-ravel" */;
			compatibilityVersion = "Xcode 3.2";
			developmentRegion = English;
			hasScannedForEncodings = 0;
			knownRegions = (
				en,
				Base,
			);
			mainGroup = 71E412341F92D9CF003A2ADE;
			productRefGroup = 71E4123E1F92D9CF003A2ADE /* Products */;
			projectDirPath = "";
			projectRoot = "";
			targets = (
				71E4123C1F92D9CF003A2ADE /* t-ravel */,
				71E412501F92D9CF003A2ADE /* t-ravelTests */,
				71E4125B1F92D9CF003A2ADE /* t-ravelUITests */,
			);
		};
/* End PBXProject section */

/* Begin PBXResourcesBuildPhase section */
		71E4123B1F92D9CF003A2ADE /* Resources */ = {
			isa = PBXResourcesBuildPhase;
			buildActionMask = 2147483647;
			files = (
				71E4124B1F92D9CF003A2ADE /* LaunchScreen.storyboard in Resources */,
				71E412481F92D9CF003A2ADE /* Assets.xcassets in Resources */,
				71E412461F92D9CF003A2ADE /* Main.storyboard in Resources */,
			);
			runOnlyForDeploymentPostprocessing = 0;
		};
		71E4124F1F92D9CF003A2ADE /* Resources */ = {
			isa = PBXResourcesBuildPhase;
			buildActionMask = 2147483647;
			files = (
			);
			runOnlyForDeploymentPostprocessing = 0;
		};
		71E4125A1F92D9CF003A2ADE /* Resources */ = {
			isa = PBXResourcesBuildPhase;
			buildActionMask = 2147483647;
			files = (
			);
			runOnlyForDeploymentPostprocessing = 0;
		};
/* End PBXResourcesBuildPhase section */

/* Begin PBXSourcesBuildPhase section */
		71E412391F92D9CF003A2ADE /* Sources */ = {
			isa = PBXSourcesBuildPhase;
			buildActionMask = 2147483647;
			files = (
				714CCC881F92FB8E005C90A3 /* ProfileController.swift in Sources */,
				71E412701F92DBF9003A2ADE /* MapController.swift in Sources */,
				71E412411F92D9CF003A2ADE /* AppDelegate.swift in Sources */,
				714CCC8B1F93105A005C90A3 /* Profile.swift in Sources */,
			);
			runOnlyForDeploymentPostprocessing = 0;
		};
		71E4124D1F92D9CF003A2ADE /* Sources */ = {
			isa = PBXSourcesBuildPhase;
			buildActionMask = 2147483647;
			files = (
				71E412561F92D9CF003A2ADE /* t_ravelTests.swift in Sources */,
			);
			runOnlyForDeploymentPostprocessing = 0;
		};
		71E412581F92D9CF003A2ADE /* Sources */ = {
			isa = PBXSourcesBuildPhase;
			buildActionMask = 2147483647;
			files = (
				71E412611F92D9CF003A2ADE /* t_ravelUITests.swift in Sources */,
			);
			runOnlyForDeploymentPostprocessing = 0;
		};
/* End PBXSourcesBuildPhase section */

/* Begin PBXTargetDependency section */
		71E412531F92D9CF003A2ADE /* PBXTargetDependency */ = {
			isa = PBXTargetDependency;
			target = 71E4123C1F92D9CF003A2ADE /* t-ravel */;
			targetProxy = 71E412521F92D9CF003A2ADE /* PBXContainerItemProxy */;
		};
		71E4125E1F92D9CF003A2ADE /* PBXTargetDependency */ = {
			isa = PBXTargetDependency;
			target = 71E4123C1F92D9CF003A2ADE /* t-ravel */;
			targetProxy = 71E4125D1F92D9CF003A2ADE /* PBXContainerItemProxy */;
		};
/* End PBXTargetDependency section */

/* Begin PBXVariantGroup section */
		71E412441F92D9CF003A2ADE /* Main.storyboard */ = {
			isa = PBXVariantGroup;
			children = (
				71E412451F92D9CF003A2ADE /* Base */,
			);
			name = Main.storyboard;
			sourceTree = "<group>";
		};
		71E412491F92D9CF003A2ADE /* LaunchScreen.storyboard */ = {
			isa = PBXVariantGroup;
			children = (
				71E4124A1F92D9CF003A2ADE /* Base */,
			);
			name = LaunchScreen.storyboard;
			sourceTree = "<group>";
		};
/* End PBXVariantGroup section */

/* Begin XCBuildConfiguration section */
		71E412631F92D9CF003A2ADE /* Debug */ = {
			isa = XCBuildConfiguration;
			buildSettings = {
				ALWAYS_SEARCH_USER_PATHS = NO;
				CLANG_ANALYZER_NONNULL = YES;
				CLANG_ANALYZER_NUMBER_OBJECT_CONVERSION = YES_AGGRESSIVE;
				CLANG_CXX_LANGUAGE_STANDARD = "gnu++0x";
				CLANG_CXX_LIBRARY = "libc++";
				CLANG_ENABLE_MODULES = YES;
				CLANG_ENABLE_OBJC_ARC = YES;
				CLANG_WARN_BOOL_CONVERSION = YES;
				CLANG_WARN_CONSTANT_CONVERSION = YES;
				CLANG_WARN_DIRECT_OBJC_ISA_USAGE = YES_ERROR;
				CLANG_WARN_DOCUMENTATION_COMMENTS = YES;
				CLANG_WARN_EMPTY_BODY = YES;
				CLANG_WARN_ENUM_CONVERSION = YES;
				CLANG_WARN_INFINITE_RECURSION = YES;
				CLANG_WARN_INT_CONVERSION = YES;
				CLANG_WARN_OBJC_ROOT_CLASS = YES_ERROR;
				CLANG_WARN_SUSPICIOUS_MOVE = YES;
				CLANG_WARN_UNREACHABLE_CODE = YES;
				CLANG_WARN__DUPLICATE_METHOD_MATCH = YES;
				"CODE_SIGN_IDENTITY[sdk=iphoneos*]" = "iPhone Developer";
				COPY_PHASE_STRIP = NO;
				DEBUG_INFORMATION_FORMAT = dwarf;
				ENABLE_STRICT_OBJC_MSGSEND = YES;
				ENABLE_TESTABILITY = YES;
				GCC_C_LANGUAGE_STANDARD = gnu99;
				GCC_DYNAMIC_NO_PIC = NO;
				GCC_NO_COMMON_BLOCKS = YES;
				GCC_OPTIMIZATION_LEVEL = 0;
				GCC_PREPROCESSOR_DEFINITIONS = (
					"DEBUG=1",
					"$(inherited)",
				);
				GCC_WARN_64_TO_32_BIT_CONVERSION = YES;
				GCC_WARN_ABOUT_RETURN_TYPE = YES_ERROR;
				GCC_WARN_UNDECLARED_SELECTOR = YES;
				GCC_WARN_UNINITIALIZED_AUTOS = YES_AGGRESSIVE;
				GCC_WARN_UNUSED_FUNCTION = YES;
				GCC_WARN_UNUSED_VARIABLE = YES;
				IPHONEOS_DEPLOYMENT_TARGET = 10.3;
				MTL_ENABLE_DEBUG_INFO = YES;
				ONLY_ACTIVE_ARCH = YES;
				SDKROOT = iphoneos;
				SWIFT_ACTIVE_COMPILATION_CONDITIONS = DEBUG;
				SWIFT_OPTIMIZATION_LEVEL = "-Onone";
				TARGETED_DEVICE_FAMILY = "1,2";
			};
			name = Debug;
		};
		71E412641F92D9CF003A2ADE /* Release */ = {
			isa = XCBuildConfiguration;
			buildSettings = {
				ALWAYS_SEARCH_USER_PATHS = NO;
				CLANG_ANALYZER_NONNULL = YES;
				CLANG_ANALYZER_NUMBER_OBJECT_CONVERSION = YES_AGGRESSIVE;
				CLANG_CXX_LANGUAGE_STANDARD = "gnu++0x";
				CLANG_CXX_LIBRARY = "libc++";
				CLANG_ENABLE_MODULES = YES;
				CLANG_ENABLE_OBJC_ARC = YES;
				CLANG_WARN_BOOL_CONVERSION = YES;
				CLANG_WARN_CONSTANT_CONVERSION = YES;
				CLANG_WARN_DIRECT_OBJC_ISA_USAGE = YES_ERROR;
				CLANG_WARN_DOCUMENTATION_COMMENTS = YES;
				CLANG_WARN_EMPTY_BODY = YES;
				CLANG_WARN_ENUM_CONVERSION = YES;
				CLANG_WARN_INFINITE_RECURSION = YES;
				CLANG_WARN_INT_CONVERSION = YES;
				CLANG_WARN_OBJC_ROOT_CLASS = YES_ERROR;
				CLANG_WARN_SUSPICIOUS_MOVE = YES;
				CLANG_WARN_UNREACHABLE_CODE = YES;
				CLANG_WARN__DUPLICATE_METHOD_MATCH = YES;
				"CODE_SIGN_IDENTITY[sdk=iphoneos*]" = "iPhone Developer";
				COPY_PHASE_STRIP = NO;
				DEBUG_INFORMATION_FORMAT = "dwarf-with-dsym";
				ENABLE_NS_ASSERTIONS = NO;
				ENABLE_STRICT_OBJC_MSGSEND = YES;
				GCC_C_LANGUAGE_STANDARD = gnu99;
				GCC_NO_COMMON_BLOCKS = YES;
				GCC_WARN_64_TO_32_BIT_CONVERSION = YES;
				GCC_WARN_ABOUT_RETURN_TYPE = YES_ERROR;
				GCC_WARN_UNDECLARED_SELECTOR = YES;
				GCC_WARN_UNINITIALIZED_AUTOS = YES_AGGRESSIVE;
				GCC_WARN_UNUSED_FUNCTION = YES;
				GCC_WARN_UNUSED_VARIABLE = YES;
				IPHONEOS_DEPLOYMENT_TARGET = 10.3;
				MTL_ENABLE_DEBUG_INFO = NO;
				SDKROOT = iphoneos;
				SWIFT_OPTIMIZATION_LEVEL = "-Owholemodule";
				TARGETED_DEVICE_FAMILY = "1,2";
				VALIDATE_PRODUCT = YES;
			};
			name = Release;
		};
		71E412661F92D9CF003A2ADE /* Debug */ = {
			isa = XCBuildConfiguration;
			buildSettings = {
				ASSETCATALOG_COMPILER_APPICON_NAME = AppIcon;
				INFOPLIST_FILE = "t-ravel/Info.plist";
				IPHONEOS_DEPLOYMENT_TARGET = 9.0;
				LD_RUNPATH_SEARCH_PATHS = "$(inherited) @executable_path/Frameworks";
				PRODUCT_BUNDLE_IDENTIFIER = "bmstu.t-ravel";
				PRODUCT_NAME = "$(TARGET_NAME)";
				SWIFT_VERSION = 3.0;
			};
			name = Debug;
		};
		71E412671F92D9CF003A2ADE /* Release */ = {
			isa = XCBuildConfiguration;
			buildSettings = {
				ASSETCATALOG_COMPILER_APPICON_NAME = AppIcon;
				INFOPLIST_FILE = "t-ravel/Info.plist";
				IPHONEOS_DEPLOYMENT_TARGET = 9.0;
				LD_RUNPATH_SEARCH_PATHS = "$(inherited) @executable_path/Frameworks";
				PRODUCT_BUNDLE_IDENTIFIER = "bmstu.t-ravel";
				PRODUCT_NAME = "$(TARGET_NAME)";
				SWIFT_VERSION = 3.0;
			};
			name = Release;
		};
		71E412691F92D9CF003A2ADE /* Debug */ = {
			isa = XCBuildConfiguration;
			buildSettings = {
				ALWAYS_EMBED_SWIFT_STANDARD_LIBRARIES = YES;
				BUNDLE_LOADER = "$(TEST_HOST)";
				INFOPLIST_FILE = "t-ravelTests/Info.plist";
				LD_RUNPATH_SEARCH_PATHS = "$(inherited) @executable_path/Frameworks @loader_path/Frameworks";
				PRODUCT_BUNDLE_IDENTIFIER = "bmstu.t-ravelTests";
				PRODUCT_NAME = "$(TARGET_NAME)";
				SWIFT_VERSION = 3.0;
				TEST_HOST = "$(BUILT_PRODUCTS_DIR)/t-ravel.app/t-ravel";
			};
			name = Debug;
		};
		71E4126A1F92D9CF003A2ADE /* Release */ = {
			isa = XCBuildConfiguration;
			buildSettings = {
				ALWAYS_EMBED_SWIFT_STANDARD_LIBRARIES = YES;
				BUNDLE_LOADER = "$(TEST_HOST)";
				INFOPLIST_FILE = "t-ravelTests/Info.plist";
				LD_RUNPATH_SEARCH_PATHS = "$(inherited) @executable_path/Frameworks @loader_path/Frameworks";
				PRODUCT_BUNDLE_IDENTIFIER = "bmstu.t-ravelTests";
				PRODUCT_NAME = "$(TARGET_NAME)";
				SWIFT_VERSION = 3.0;
				TEST_HOST = "$(BUILT_PRODUCTS_DIR)/t-ravel.app/t-ravel";
			};
			name = Release;
		};
		71E4126C1F92D9CF003A2ADE /* Debug */ = {
			isa = XCBuildConfiguration;
			buildSettings = {
				ALWAYS_EMBED_SWIFT_STANDARD_LIBRARIES = YES;
				INFOPLIST_FILE = "t-ravelUITests/Info.plist";
				LD_RUNPATH_SEARCH_PATHS = "$(inherited) @executable_path/Frameworks @loader_path/Frameworks";
				PRODUCT_BUNDLE_IDENTIFIER = "bmstu.t-ravelUITests";
				PRODUCT_NAME = "$(TARGET_NAME)";
				SWIFT_VERSION = 3.0;
				TEST_TARGET_NAME = "t-ravel";
			};
			name = Debug;
		};
		71E4126D1F92D9CF003A2ADE /* Release */ = {
			isa = XCBuildConfiguration;
			buildSettings = {
				ALWAYS_EMBED_SWIFT_STANDARD_LIBRARIES = YES;
				INFOPLIST_FILE = "t-ravelUITests/Info.plist";
				LD_RUNPATH_SEARCH_PATHS = "$(inherited) @executable_path/Frameworks @loader_path/Frameworks";
				PRODUCT_BUNDLE_IDENTIFIER = "bmstu.t-ravelUITests";
				PRODUCT_NAME = "$(TARGET_NAME)";
				SWIFT_VERSION = 3.0;
				TEST_TARGET_NAME = "t-ravel";
			};
			name = Release;
		};
/* End XCBuildConfiguration section */

/* Begin XCConfigurationList section */
		71E412381F92D9CF003A2ADE /* Build configuration list for PBXProject "t-ravel" */ = {
			isa = XCConfigurationList;
			buildConfigurations = (
				71E412631F92D9CF003A2ADE /* Debug */,
				71E412641F92D9CF003A2ADE /* Release */,
			);
			defaultConfigurationIsVisible = 0;
			defaultConfigurationName = Release;
		};
		71E412651F92D9CF003A2ADE /* Build configuration list for PBXNativeTarget "t-ravel" */ = {
			isa = XCConfigurationList;
			buildConfigurations = (
				71E412661F92D9CF003A2ADE /* Debug */,
				71E412671F92D9CF003A2ADE /* Release */,
			);
			defaultConfigurationIsVisible = 0;
			defaultConfigurationName = Release;
		};
		71E412681F92D9CF003A2ADE /* Build configuration list for PBXNativeTarget "t-ravelTests" */ = {
			isa = XCConfigurationList;
			buildConfigurations = (
				71E412691F92D9CF003A2ADE /* Debug */,
				71E4126A1F92D9CF003A2ADE /* Release */,
			);
			defaultConfigurationIsVisible = 0;
			defaultConfigurationName = Release;
		};
		71E4126B1F92D9CF003A2ADE /* Build configuration list for PBXNativeTarget "t-ravelUITests" */ = {
			isa = XCConfigurationList;
			buildConfigurations = (
				71E4126C1F92D9CF003A2ADE /* Debug */,
				71E4126D1F92D9CF003A2ADE /* Release */,
			);
			defaultConfigurationIsVisible = 0;
			defaultConfigurationName = Release;
		};
/* End XCConfigurationList section */
	};
	rootObject = 71E412351F92D9CF003A2ADE /* Project object */;
}
